{
  "name": "amazon-ivs-simple-chat-web-demo",
  "lockfileVersion": 2,
  "requires": true,
  "packages": {
    "": {
      "dependencies": {
        "ovenplayer": "^0.10.25"
      }
    },
    "node_modules/core-js": {
      "version": "3.29.0",
      "resolved": "https://registry.npmjs.org/core-js/-/core-js-3.29.0.tgz",
      "integrity": "sha512-VG23vuEisJNkGl6XQmFJd3rEG/so/CNatqeE+7uZAwTSwFeB/qaO0be8xZYUNWprJ/GIwL8aMt9cj1kvbpTZhg==",
      "hasInstallScript": true,
      "funding": {
        "type": "opencollective",
        "url": "https://opencollective.com/core-js"
      }
    },
    "node_modules/ovenplayer": {
      "version": "0.10.25",
      "resolved": "https://registry.npmjs.org/ovenplayer/-/ovenplayer-0.10.25.tgz",
      "integrity": "sha512-ib+1mD2qG71CFUGnO16c14JAsaoie6MNqWvLMopb6ImQWpCZE6DzqAVIzelDDFlJMwsd+7wZZkQtMqD86jfrHA==",
      "dependencies": {
        "core-js": "^3.16.3",
        "whatwg-fetch": "^3.6.2"
      }
    },
    "node_modules/whatwg-fetch": {
      "version": "3.6.2",
      "resolved": "https://registry.npmjs.org/whatwg-fetch/-/whatwg-fetch-3.6.2.tgz",
      "integrity": "sha512-bJlen0FcuU/0EMLrdbJ7zOnW6ITZLrZMIarMUVmdKtsGvZna8vxKYaexICWPfZ8qwf9fzNq+UEIZrnSaApt6RA=="
    }
  },
  "dependencies": {
    "core-js": {
      "version": "3.29.0",
      "resolved": "https://registry.npmjs.org/core-js/-/core-js-3.29.0.tgz",
      "integrity": "sha512-VG23vuEisJNkGl6XQmFJd3rEG/so/CNatqeE+7uZAwTSwFeB/qaO0be8xZYUNWprJ/GIwL8aMt9cj1kvbpTZhg=="
    },
    "ovenplayer": {
      "version": "0.10.25",
      "resolved": "https://registry.npmjs.org/ovenplayer/-/ovenplayer-0.10.25.tgz",
      "integrity": "sha512-ib+1mD2qG71CFUGnO16c14JAsaoie6MNqWvLMopb6ImQWpCZE6DzqAVIzelDDFlJMwsd+7wZZkQtMqD86jfrHA==",
      "requires": {
        "core-js": "^3.16.3",
        "whatwg-fetch": "^3.6.2"
      }
    },
    "whatwg-fetch": {
      "version": "3.6.2",
      "resolved": "https://registry.npmjs.org/whatwg-fetch/-/whatwg-fetch-3.6.2.tgz",
      "integrity": "sha512-bJlen0FcuU/0EMLrdbJ7zOnW6ITZLrZMIarMUVmdKtsGvZna8vxKYaexICWPfZ8qwf9fzNq+UEIZrnSaApt6RA=="
    }
  }
}
